// !$*UTF8*$!
{
	archiveVersion = 1;
	classes = {
	};
	objectVersion = 77;
	objects = {

/* Begin PBXContainerItemProxy section */
		536D4B4A2DB145E700945E3B /* PBXContainerItemProxy */ = {
			isa = PBXContainerItemProxy;
			containerPortal = 536D4B312DB145D800945E3B /* Project object */;
			proxyType = 1;
			remoteGlobalIDString = 536D4B382DB145D800945E3B;
			remoteInfo = SwiftUIHokkaido;
		};
		536D4B542DB145E700945E3B /* PBXContainerItemProxy */ = {
			isa = PBXContainerItemProxy;
			containerPortal = 536D4B312DB145D800945E3B /* Project object */;
			proxyType = 1;
			remoteGlobalIDString = 536D4B382DB145D800945E3B;
			remoteInfo = SwiftUIHokkaido;
		};
/* End PBXContainerItemProxy section */

/* Begin PBXFileReference section */
		536D4B392DB145D800945E3B /* SwiftUIHokkaido.app */ = {isa = PBXFileReference; explicitFileType = wrapper.application; includeInIndex = 0; path = SwiftUIHokkaido.app; sourceTree = BUILT_PRODUCTS_DIR; };
		536D4B492DB145E700945E3B /* SwiftUIHokkaidoTests.xctest */ = {isa = PBXFileReference; explicitFileType = wrapper.cfbundle; includeInIndex = 0; path = SwiftUIHokkaidoTests.xctest; sourceTree = BUILT_PRODUCTS_DIR; };
		536D4B532DB145E700945E3B /* SwiftUIHokkaidoUITests.xctest */ = {isa = PBXFileReference; explicitFileType = wrapper.cfbundle; includeInIndex = 0; path = SwiftUIHokkaidoUITests.xctest; sourceTree = BUILT_PRODUCTS_DIR; };
/* End PBXFileReference section */

/* Begin PBXFileSystemSynchronizedRootGroup section */
		536D4B3B2DB145D800945E3B /* SwiftUIHokkaido */ = {
			isa = PBXFileSystemSynchronizedRootGroup;
			path = SwiftUIHokkaido;
			sourceTree = "<group>";
		};
		536D4B4C2DB145E700945E3B /* SwiftUIHokkaidoTests */ = {
			isa = PBXFileSystemSynchronizedRootGroup;
			path = SwiftUIHokkaidoTests;
			sourceTree = "<group>";
		};
		536D4B562DB145E700945E3B /* SwiftUIHokkaidoUITests */ = {
			isa = PBXFileSystemSynchronizedRootGroup;
			path = SwiftUIHokkaidoUITests;
			sourceTree = "<group>";
		};
/* End PBXFileSystemSynchronizedRootGroup section */

/* Begin PBXFrameworksBuildPhase section */
		536D4B362DB145D800945E3B /* Frameworks */ = {
			isa = PBXFrameworksBuildPhase;
			buildActionMask = 2147483647;
			files = (
			);
			runOnlyForDeploymentPostprocessing = 0;
		};
		536D4B462DB145E700945E3B /* Frameworks */ = {
			isa = PBXFrameworksBuildPhase;
			buildActionMask = 2147483647;
			files = (
			);
			runOnlyForDeploymentPostprocessing = 0;
		};
		536D4B502DB145E700945E3B /* Frameworks */ = {
			isa = PBXFrameworksBuildPhase;
			buildActionMask = 2147483647;
			files = (
			);
			runOnlyForDeploymentPostprocessing = 0;
		};
/* End PBXFrameworksBuildPhase section */

/* Begin PBXGroup section */
		536D4B302DB145D800945E3B = {
			isa = PBXGroup;
			children = (
				536D4B3B2DB145D800945E3B /* SwiftUIHokkaido */,
				536D4B4C2DB145E700945E3B /* SwiftUIHokkaidoTests */,
				536D4B562DB145E700945E3B /* SwiftUIHokkaidoUITests */,
				536D4B3A2DB145D800945E3B /* Products */,
			);
			sourceTree = "<group>";
		};
		536D4B3A2DB145D800945E3B /* Products */ = {
			isa = PBXGroup;
			children = (
				536D4B392DB145D800945E3B /* SwiftUIHokkaido.app */,
				536D4B492DB145E700945E3B /* SwiftUIHokkaidoTests.xctest */,
				536D4B532DB145E700945E3B /* SwiftUIHokkaidoUITests.xctest */,
			);
			name = Products;
			sourceTree = "<group>";
		};
/* End PBXGroup section */

/* Begin PBXNativeTarget section */
		536D4B382DB145D800945E3B /* SwiftUIHokkaido */ = {
			isa = PBXNativeTarget;
			buildConfigurationList = 536D4B5D2DB145E700945E3B /* Build configuration list for PBXNativeTarget "SwiftUIHokkaido" */;
			buildPhases = (
				536D4B352DB145D800945E3B /* Sources */,
				536D4B362DB145D800945E3B /* Frameworks */,
				536D4B372DB145D800945E3B /* Resources */,
			);
			buildRules = (
			);
			dependencies = (
			);
			fileSystemSynchronizedGroups = (
				536D4B3B2DB145D800945E3B /* SwiftUIHokkaido */,
			);
			name = SwiftUIHokkaido;
			packageProductDependencies = (
			);
			productName = SwiftUIHokkaido;
			productReference = 536D4B392DB145D800945E3B /* SwiftUIHokkaido.app */;
			productType = "com.apple.product-type.application";
		};
		536D4B482DB145E700945E3B /* SwiftUIHokkaidoTests */ = {
			isa = PBXNativeTarget;
			buildConfigurationList = 536D4B602DB145E700945E3B /* Build configuration list for PBXNativeTarget "SwiftUIHokkaidoTests" */;
			buildPhases = (
				536D4B452DB145E700945E3B /* Sources */,
				536D4B462DB145E700945E3B /* Frameworks */,
				536D4B472DB145E700945E3B /* Resources */,
			);
			buildRules = (
			);
			dependencies = (
				536D4B4B2DB145E700945E3B /* PBXTargetDependency */,
			);
			fileSystemSynchronizedGroups = (
				536D4B4C2DB145E700945E3B /* SwiftUIHokkaidoTests */,
			);
			name = SwiftUIHokkaidoTests;
			packageProductDependencies = (
			);
			productName = SwiftUIHokkaidoTests;
			productReference = 536D4B492DB145E700945E3B /* SwiftUIHokkaidoTests.xctest */;
			productType = "com.apple.product-type.bundle.unit-test";
		};
		536D4B522DB145E700945E3B /* SwiftUIHokkaidoUITests */ = {
			isa = PBXNativeTarget;
			buildConfigurationList = 536D4B632DB145E700945E3B /* Build configuration list for PBXNativeTarget "SwiftUIHokkaidoUITests" */;
			buildPhases = (
				536D4B4F2DB145E700945E3B /* Sources */,
				536D4B502DB145E700945E3B /* Frameworks */,
				536D4B512DB145E700945E3B /* Resources */,
			);
			buildRules = (
			);
			dependencies = (
				536D4B552DB145E700945E3B /* PBXTargetDependency */,
			);
			fileSystemSynchronizedGroups = (
				536D4B562DB145E700945E3B /* SwiftUIHokkaidoUITests */,
			);
			name = SwiftUIHokkaidoUITests;
			packageProductDependencies = (
			);
			productName = SwiftUIHokkaidoUITests;
			productReference = 536D4B532DB145E700945E3B /* SwiftUIHokkaidoUITests.xctest */;
			productType = "com.apple.product-type.bundle.ui-testing";
		};
/* End PBXNativeTarget section */

/* Begin PBXProject section */
		536D4B312DB145D800945E3B /* Project object */ = {
			isa = PBXProject;
			attributes = {
				BuildIndependentTargetsInParallel = 1;
				LastSwiftUpdateCheck = 1600;
				LastUpgradeCheck = 1600;
				TargetAttributes = {
					536D4B382DB145D800945E3B = {
						CreatedOnToolsVersion = 16.0;
					};
					536D4B482DB145E700945E3B = {
						CreatedOnToolsVersion = 16.0;
						TestTargetID = 536D4B382DB145D800945E3B;
					};
					536D4B522DB145E700945E3B = {
						CreatedOnToolsVersion = 16.0;
						TestTargetID = 536D4B382DB145D800945E3B;
					};
				};
			};
			buildConfigurationList = 536D4B342DB145D800945E3B /* Build configuration list for PBXProject "SwiftUIHokkaido" */;
			developmentRegion = en;
			hasScannedForEncodings = 0;
			knownRegions = (
				en,
				Base,
			);
			mainGroup = 536D4B302DB145D800945E3B;
			minimizedProjectReferenceProxies = 1;
			preferredProjectObjectVersion = 77;
			productRefGroup = 536D4B3A2DB145D800945E3B /* Products */;
			projectDirPath = "";
			projectRoot = "";
			targets = (
				536D4B382DB145D800945E3B /* SwiftUIHokkaido */,
				536D4B482DB145E700945E3B /* SwiftUIHokkaidoTests */,
				536D4B522DB145E700945E3B /* SwiftUIHokkaidoUITests */,
			);
		};
/* End PBXProject section */

/* Begin PBXResourcesBuildPhase section */
		536D4B372DB145D800945E3B /* Resources */ = {
			isa = PBXResourcesBuildPhase;
			buildActionMask = 2147483647;
			files = (
			);
			runOnlyForDeploymentPostprocessing = 0;
		};
		536D4B472DB145E700945E3B /* Resources */ = {
			isa = PBXResourcesBuildPhase;
			buildActionMask = 2147483647;
			files = (
			);
			runOnlyForDeploymentPostprocessing = 0;
		};
		536D4B512DB145E700945E3B /* Resources */ = {
			isa = PBXResourcesBuildPhase;
			buildActionMask = 2147483647;
			files = (
			);
			runOnlyForDeploymentPostprocessing = 0;
		};
/* End PBXResourcesBuildPhase section */

/* Begin PBXSourcesBuildPhase section */
		536D4B352DB145D800945E3B /* Sources */ = {
			isa = PBXSourcesBuildPhase;
			buildActionMask = 2147483647;
			files = (
			);
			runOnlyForDeploymentPostprocessing = 0;
		};
		536D4B452DB145E700945E3B /* Sources */ = {
			isa = PBXSourcesBuildPhase;
			buildActionMask = 2147483647;
			files = (
			);
			runOnlyForDeploymentPostprocessing = 0;
		};
		536D4B4F2DB145E700945E3B /* Sources */ = {
			isa = PBXSourcesBuildPhase;
			buildActionMask = 2147483647;
			files = (
			);
			runOnlyForDeploymentPostprocessing = 0;
		};
/* End PBXSourcesBuildPhase section */

/* Begin PBXTargetDependency section */
		536D4B4B2DB145E700945E3B /* PBXTargetDependency */ = {
			isa = PBXTargetDependency;
			target = 536D4B382DB145D800945E3B /* SwiftUIHokkaido */;
			targetProxy = 536D4B4A2DB145E700945E3B /* PBXContainerItemProxy */;
		};
		536D4B552DB145E700945E3B /* PBXTargetDependency */ = {
			isa = PBXTargetDependency;
			target = 536D4B382DB145D800945E3B /* SwiftUIHokkaido */;
			targetProxy = 536D4B542DB145E700945E3B /* PBXContainerItemProxy */;
		};
/* End PBXTargetDependency section */

/* Begin XCBuildConfiguration section */
		536D4B5B2DB145E700945E3B /* Debug */ = {
			isa = XCBuildConfiguration;
			buildSettings = {
				ALWAYS_SEARCH_USER_PATHS = NO;
				ASSETCATALOG_COMPILER_GENERATE_SWIFT_ASSET_SYMBOL_EXTENSIONS = YES;
				CLANG_ANALYZER_NONNULL = YES;
				CLANG_ANALYZER_NUMBER_OBJECT_CONVERSION = YES_AGGRESSIVE;
				CLANG_CXX_LANGUAGE_STANDARD = "gnu++20";
				CLANG_ENABLE_MODULES = YES;
				CLANG_ENABLE_OBJC_ARC = YES;
				CLANG_ENABLE_OBJC_WEAK = YES;
				CLANG_WARN_BLOCK_CAPTURE_AUTORELEASING = YES;
				CLANG_WARN_BOOL_CONVERSION = YES;
				CLANG_WARN_COMMA = YES;
				CLANG_WARN_CONSTANT_CONVERSION = YES;
				CLANG_WARN_DEPRECATED_OBJC_IMPLEMENTATIONS = YES;
				CLANG_WARN_DIRECT_OBJC_ISA_USAGE = YES_ERROR;
				CLANG_WARN_DOCUMENTATION_COMMENTS = YES;
				CLANG_WARN_EMPTY_BODY = YES;
				CLANG_WARN_ENUM_CONVERSION = YES;
				CLANG_WARN_INFINITE_RECURSION = YES;
				CLANG_WARN_INT_CONVERSION = YES;
				CLANG_WARN_NON_LITERAL_NULL_CONVERSION = YES;
				CLANG_WARN_OBJC_IMPLICIT_RETAIN_SELF = YES;
				CLANG_WARN_OBJC_LITERAL_CONVERSION = YES;
				CLANG_WARN_OBJC_ROOT_CLASS = YES_ERROR;
				CLANG_WARN_QUOTED_INCLUDE_IN_FRAMEWORK_HEADER = YES;
				CLANG_WARN_RANGE_LOOP_ANALYSIS = YES;
				CLANG_WARN_STRICT_PROTOTYPES = YES;
				CLANG_WARN_SUSPICIOUS_MOVE = YES;
				CLANG_WARN_UNGUARDED_AVAILABILITY = YES_AGGRESSIVE;
				CLANG_WARN_UNREACHABLE_CODE = YES;
				CLANG_WARN__DUPLICATE_METHOD_MATCH = YES;
				COPY_PHASE_STRIP = NO;
				DEBUG_INFORMATION_FORMAT = dwarf;
				ENABLE_STRICT_OBJC_MSGSEND = YES;
				ENABLE_TESTABILITY = YES;
				ENABLE_USER_SCRIPT_SANDBOXING = YES;
				GCC_C_LANGUAGE_STANDARD = gnu17;
				GCC_DYNAMIC_NO_PIC = NO;
				GCC_NO_COMMON_BLOCKS = YES;
				GCC_OPTIMIZATION_LEVEL = 0;
				GCC_PREPROCESSOR_DEFINITIONS = (
					"DEBUG=1",
					"$(inherited)",
				);
				GCC_WARN_64_TO_32_BIT_CONVERSION = YES;
				GCC_WARN_ABOUT_RETURN_TYPE = YES_ERROR;
				GCC_WARN_UNDECLARED_SELECTOR = YES;
				GCC_WARN_UNINITIALIZED_AUTOS = YES_AGGRESSIVE;
				GCC_WARN_UNUSED_FUNCTION = YES;
				GCC_WARN_UNUSED_VARIABLE = YES;
				IPHONEOS_DEPLOYMENT_TARGET = 18.0;
				LOCALIZATION_PREFERS_STRING_CATALOGS = YES;
				MTL_ENABLE_DEBUG_INFO = INCLUDE_SOURCE;
				MTL_FAST_MATH = YES;
				ONLY_ACTIVE_ARCH = YES;
				SDKROOT = iphoneos;
				SWIFT_ACTIVE_COMPILATION_CONDITIONS = "DEBUG $(inherited)";
				SWIFT_OPTIMIZATION_LEVEL = "-Onone";
			};
			name = Debug;
		};
		536D4B5C2DB145E700945E3B /* Release */ = {
			isa = XCBuildConfiguration;
			buildSettings = {
				ALWAYS_SEARCH_USER_PATHS = NO;
				ASSETCATALOG_COMPILER_GENERATE_SWIFT_ASSET_SYMBOL_EXTENSIONS = YES;
				CLANG_ANALYZER_NONNULL = YES;
				CLANG_ANALYZER_NUMBER_OBJECT_CONVERSION = YES_AGGRESSIVE;
				CLANG_CXX_LANGUAGE_STANDARD = "gnu++20";
				CLANG_ENABLE_MODULES = YES;
				CLANG_ENABLE_OBJC_ARC = YES;
				CLANG_ENABLE_OBJC_WEAK = YES;
				CLANG_WARN_BLOCK_CAPTURE_AUTORELEASING = YES;
				CLANG_WARN_BOOL_CONVERSION = YES;
				CLANG_WARN_COMMA = YES;
				CLANG_WARN_CONSTANT_CONVERSION = YES;
				CLANG_WARN_DEPRECATED_OBJC_IMPLEMENTATIONS = YES;
				CLANG_WARN_DIRECT_OBJC_ISA_USAGE = YES_ERROR;
				CLANG_WARN_DOCUMENTATION_COMMENTS = YES;
				CLANG_WARN_EMPTY_BODY = YES;
				CLANG_WARN_ENUM_CONVERSION = YES;
				CLANG_WARN_INFINITE_RECURSION = YES;
				CLANG_WARN_INT_CONVERSION = YES;
				CLANG_WARN_NON_LITERAL_NULL_CONVERSION = YES;
				CLANG_WARN_OBJC_IMPLICIT_RETAIN_SELF = YES;
				CLANG_WARN_OBJC_LITERAL_CONVERSION = YES;
				CLANG_WARN_OBJC_ROOT_CLASS = YES_ERROR;
				CLANG_WARN_QUOTED_INCLUDE_IN_FRAMEWORK_HEADER = YES;
				CLANG_WARN_RANGE_LOOP_ANALYSIS = YES;
				CLANG_WARN_STRICT_PROTOTYPES = YES;
				CLANG_WARN_SUSPICIOUS_MOVE = YES;
				CLANG_WARN_UNGUARDED_AVAILABILITY = YES_AGGRESSIVE;
				CLANG_WARN_UNREACHABLE_CODE = YES;
				CLANG_WARN__DUPLICATE_METHOD_MATCH = YES;
				COPY_PHASE_STRIP = NO;
				DEBUG_INFORMATION_FORMAT = "dwarf-with-dsym";
				ENABLE_NS_ASSERTIONS = NO;
				ENABLE_STRICT_OBJC_MSGSEND = YES;
				ENABLE_USER_SCRIPT_SANDBOXING = YES;
				GCC_C_LANGUAGE_STANDARD = gnu17;
				GCC_NO_COMMON_BLOCKS = YES;
				GCC_WARN_64_TO_32_BIT_CONVERSION = YES;
				GCC_WARN_ABOUT_RETURN_TYPE = YES_ERROR;
				GCC_WARN_UNDECLARED_SELECTOR = YES;
				GCC_WARN_UNINITIALIZED_AUTOS = YES_AGGRESSIVE;
				GCC_WARN_UNUSED_FUNCTION = YES;
				GCC_WARN_UNUSED_VARIABLE = YES;
				IPHONEOS_DEPLOYMENT_TARGET = 18.0;
				LOCALIZATION_PREFERS_STRING_CATALOGS = YES;
				MTL_ENABLE_DEBUG_INFO = NO;
				MTL_FAST_MATH = YES;
				SDKROOT = iphoneos;
				SWIFT_COMPILATION_MODE = wholemodule;
				VALIDATE_PRODUCT = YES;
			};
			name = Release;
		};
		536D4B5E2DB145E700945E3B /* Debug */ = {
			isa = XCBuildConfiguration;
			buildSettings = {
				ASSETCATALOG_COMPILER_APPICON_NAME = AppIcon;
				ASSETCATALOG_COMPILER_GLOBAL_ACCENT_COLOR_NAME = AccentColor;
				CODE_SIGN_STYLE = Automatic;
				CURRENT_PROJECT_VERSION = 1;
				DEVELOPMENT_ASSET_PATHS = "\"SwiftUIHokkaido/Preview Content\"";
				DEVELOPMENT_TEAM = VQDNM3C2SW;
				ENABLE_PREVIEWS = YES;
				GENERATE_INFOPLIST_FILE = YES;
				INFOPLIST_KEY_UIApplicationSceneManifest_Generation = YES;
				INFOPLIST_KEY_UIApplicationSupportsIndirectInputEvents = YES;
				INFOPLIST_KEY_UILaunchScreen_Generation = YES;
				INFOPLIST_KEY_UISupportedInterfaceOrientations_iPad = "UIInterfaceOrientationPortrait UIInterfaceOrientationPortraitUpsideDown UIInterfaceOrientationLandscapeLeft UIInterfaceOrientationLandscapeRight";
				INFOPLIST_KEY_UISupportedInterfaceOrientations_iPhone = "UIInterfaceOrientationPortrait UIInterfaceOrientationLandscapeLeft UIInterfaceOrientationLandscapeRight";
				LD_RUNPATH_SEARCH_PATHS = (
					"$(inherited)",
					"@executable_path/Frameworks",
				);
				MARKETING_VERSION = 1.0;
				PRODUCT_BUNDLE_IDENTIFIER = com.frusoft.SwiftUIHokkaido;
				PRODUCT_NAME = "$(TARGET_NAME)";
				SWIFT_EMIT_LOC_STRINGS = YES;
				SWIFT_VERSION = 5.0;
				TARGETED_DEVICE_FAMILY = "1,2";
			};
			name = Debug;
		};
		536D4B5F2DB145E700945E3B /* Release */ = {
			isa = XCBuildConfiguration;
			buildSettings = {
				ASSETCATALOG_COMPILER_APPICON_NAME = AppIcon;
				ASSETCATALOG_COMPILER_GLOBAL_ACCENT_COLOR_NAME = AccentColor;
				CODE_SIGN_STYLE = Automatic;
				CURRENT_PROJECT_VERSION = 1;
				DEVELOPMENT_ASSET_PATHS = "\"SwiftUIHokkaido/Preview Content\"";
				DEVELOPMENT_TEAM = VQDNM3C2SW;
				ENABLE_PREVIEWS = YES;
				GENERATE_INFOPLIST_FILE = YES;
				INFOPLIST_KEY_UIApplicationSceneManifest_Generation = YES;
				INFOPLIST_KEY_UIApplicationSupportsIndirectInputEvents = YES;
				INFOPLIST_KEY_UILaunchScreen_Generation = YES;
				INFOPLIST_KEY_UISupportedInterfaceOrientations_iPad = "UIInterfaceOrientationPortrait UIInterfaceOrientationPortraitUpsideDown UIInterfaceOrientationLandscapeLeft UIInterfaceOrientationLandscapeRight";
				INFOPLIST_KEY_UISupportedInterfaceOrientations_iPhone = "UIInterfaceOrientationPortrait UIInterfaceOrientationLandscapeLeft UIInterfaceOrientationLandscapeRight";
				LD_RUNPATH_SEARCH_PATHS = (
					"$(inherited)",
					"@executable_path/Frameworks",
				);
				MARKETING_VERSION = 1.0;
				PRODUCT_BUNDLE_IDENTIFIER = com.frusoft.SwiftUIHokkaido;
				PRODUCT_NAME = "$(TARGET_NAME)";
				SWIFT_EMIT_LOC_STRINGS = YES;
				SWIFT_VERSION = 5.0;
				TARGETED_DEVICE_FAMILY = "1,2";
			};
			name = Release;
		};
		536D4B612DB145E700945E3B /* Debug */ = {
			isa = XCBuildConfiguration;
			buildSettings = {
				BUNDLE_LOADER = "$(TEST_HOST)";
				CODE_SIGN_STYLE = Automatic;
				CURRENT_PROJECT_VERSION = 1;
				DEVELOPMENT_TEAM = VQDNM3C2SW;
				GENERATE_INFOPLIST_FILE = YES;
				IPHONEOS_DEPLOYMENT_TARGET = 18.0;
				MARKETING_VERSION = 1.0;
				PRODUCT_BUNDLE_IDENTIFIER = com.frusoft.SwiftUIHokkaidoTests;
				PRODUCT_NAME = "$(TARGET_NAME)";
				SWIFT_EMIT_LOC_STRINGS = NO;
				SWIFT_VERSION = 5.0;
				TARGETED_DEVICE_FAMILY = "1,2";
				TEST_HOST = "$(BUILT_PRODUCTS_DIR)/SwiftUIHokkaido.app/$(BUNDLE_EXECUTABLE_FOLDER_PATH)/SwiftUIHokkaido";
			};
			name = Debug;
		};
		536D4B622DB145E700945E3B /* Release */ = {
			isa = XCBuildConfiguration;
			buildSettings = {
				BUNDLE_LOADER = "$(TEST_HOST)";
				CODE_SIGN_STYLE = Automatic;
				CURRENT_PROJECT_VERSION = 1;
				DEVELOPMENT_TEAM = VQDNM3C2SW;
				GENERATE_INFOPLIST_FILE = YES;
				IPHONEOS_DEPLOYMENT_TARGET = 18.0;
				MARKETING_VERSION = 1.0;
				PRODUCT_BUNDLE_IDENTIFIER = com.frusoft.SwiftUIHokkaidoTests;
				PRODUCT_NAME = "$(TARGET_NAME)";
				SWIFT_EMIT_LOC_STRINGS = NO;
				SWIFT_VERSION = 5.0;
				TARGETED_DEVICE_FAMILY = "1,2";
				TEST_HOST = "$(BUILT_PRODUCTS_DIR)/SwiftUIHokkaido.app/$(BUNDLE_EXECUTABLE_FOLDER_PATH)/SwiftUIHokkaido";
			};
			name = Release;
		};
		536D4B642DB145E700945E3B /* Debug */ = {
			isa = XCBuildConfiguration;
			buildSettings = {
				CODE_SIGN_STYLE = Automatic;
				CURRENT_PROJECT_VERSION = 1;
				DEVELOPMENT_TEAM = VQDNM3C2SW;
				GENERATE_INFOPLIST_FILE = YES;
				MARKETING_VERSION = 1.0;
				PRODUCT_BUNDLE_IDENTIFIER = com.frusoft.SwiftUIHokkaidoUITests;
				PRODUCT_NAME = "$(TARGET_NAME)";
				SWIFT_EMIT_LOC_STRINGS = NO;
				SWIFT_VERSION = 5.0;
				TARGETED_DEVICE_FAMILY = "1,2";
				TEST_TARGET_NAME = SwiftUIHokkaido;
			};
			name = Debug;
		};
		536D4B652DB145E700945E3B /* Release */ = {
			isa = XCBuildConfiguration;
			buildSettings = {
				CODE_SIGN_STYLE = Automatic;
				CURRENT_PROJECT_VERSION = 1;
				DEVELOPMENT_TEAM = VQDNM3C2SW;
				GENERATE_INFOPLIST_FILE = YES;
				MARKETING_VERSION = 1.0;
				PRODUCT_BUNDLE_IDENTIFIER = com.frusoft.SwiftUIHokkaidoUITests;
				PRODUCT_NAME = "$(TARGET_NAME)";
				SWIFT_EMIT_LOC_STRINGS = NO;
				SWIFT_VERSION = 5.0;
				TARGETED_DEVICE_FAMILY = "1,2";
				TEST_TARGET_NAME = SwiftUIHokkaido;
			};
			name = Release;
		};
/* End XCBuildConfiguration section */

/* Begin XCConfigurationList section */
		536D4B342DB145D800945E3B /* Build configuration list for PBXProject "SwiftUIHokkaido" */ = {
			isa = XCConfigurationList;
			buildConfigurations = (
				536D4B5B2DB145E700945E3B /* Debug */,
				536D4B5C2DB145E700945E3B /* Release */,
			);
			defaultConfigurationIsVisible = 0;
			defaultConfigurationName = Release;
		};
		536D4B5D2DB145E700945E3B /* Build configuration list for PBXNativeTarget "SwiftUIHokkaido" */ = {
			isa = XCConfigurationList;
			buildConfigurations = (
				536D4B5E2DB145E700945E3B /* Debug */,
				536D4B5F2DB145E700945E3B /* Release */,
			);
			defaultConfigurationIsVisible = 0;
			defaultConfigurationName = Release;
		};
		536D4B602DB145E700945E3B /* Build configuration list for PBXNativeTarget "SwiftUIHokkaidoTests" */ = {
			isa = XCConfigurationList;
			buildConfigurations = (
				536D4B612DB145E700945E3B /* Debug */,
				536D4B622DB145E700945E3B /* Release */,
			);
			defaultConfigurationIsVisible = 0;
			defaultConfigurationName = Release;
		};
		536D4B632DB145E700945E3B /* Build configuration list for PBXNativeTarget "SwiftUIHokkaidoUITests" */ = {
			isa = XCConfigurationList;
			buildConfigurations = (
				536D4B642DB145E700945E3B /* Debug */,
				536D4B652DB145E700945E3B /* Release */,
			);
			defaultConfigurationIsVisible = 0;
			defaultConfigurationName = Release;
		};
/* End XCConfigurationList section */
	};
	rootObject = 536D4B312DB145D800945E3B /* Project object */;
}
